
Microsoft Visual Studio Solution File, Format Version 12.00
# Visual Studio Version 17
VisualStudioVersion = 17.14.37012.4 d17.14
MinimumVisualStudioVersion = 10.0.40219.1
Project("{FAE04EC0-301F-11D3-BF4B-00C04F79EFBC}") = "ZCamStreamUI", "ZCamStreamUI\ZCamStreamUI.csproj", "{97011190-E3D4-4D0C-8FDE-C876E30C48F8}"
EndProject
Global
	GlobalSection(SolutionConfigurationPlatforms) = preSolution
		Debug|Any CPU = Debug|Any CPU
		Release|Any CPU = Release|Any CPU
	EndGlobalSection
	GlobalSection(ProjectConfigurationPlatforms) = postSolution
		{97011190-E3D4-4D0C-8FDE-C876E30C48F8}.Debug|Any CPU.ActiveCfg = Debug|Any CPU
		{97011190-E3D4-4D0C-8FDE-C876E30C48F8}.Debug|Any CPU.Build.0 = Debug|Any CPU
		{97011190-E3D4-4D0C-8FDE-C876E30C48F8}.Release|Any CPU.ActiveCfg = Release|Any CPU
		{97011190-E3D4-4D0C-8FDE-C876E30C48F8}.Release|Any CPU.Build.0 = Release|Any CPU
	EndGlobalSection
	GlobalSection(SolutionProperties) = preSolution
		HideSolutionNode = FALSE
	EndGlobalSection
	GlobalSection(ExtensibilityGlobals) = postSolution
		SolutionGuid = {79A1AB32-CDAB-4575-8706-327246D4AE76}
	EndGlobalSection
EndGlobal
